{
  "name": "auto-ynab",
  "version": "1.0.0",
  "lockfileVersion": 1,
  "requires": true,
  "dependencies": {
    "axios": {
      "version": "0.21.1",
      "resolved": "https://ruist.jfrog.io/ruist/api/npm/npm-repo/axios/-/axios-0.21.1.tgz",
      "integrity": "sha1-IlY0gZYvTWvemnbVFu8OXTwJsrg=",
      "requires": {
        "follow-redirects": "^1.10.0"
      }
    },
    "axios-cookiejar-support": {
      "version": "1.0.1",
      "resolved": "https://ruist.jfrog.io/ruist/api/npm/npm-repo/axios-cookiejar-support/-/axios-cookiejar-support-1.0.1.tgz",
      "integrity": "sha1-ezKvfZMlCFRsaLH8W6j1YohBYuE=",
      "requires": {
        "is-redirect": "^1.0.0",
        "pify": "^5.0.0"
      }
    },
    "dotenv": {
      "version": "8.2.0",
      "resolved": "https://ruist.jfrog.io/ruist/api/npm/npm-repo/dotenv/-/dotenv-8.2.0.tgz",
      "integrity": "sha1-l+YZJZradQ7qPk6j4mvO6lQksWo="
    },
    "encoding": {
      "version": "0.1.13",
      "resolved": "https://ruist.jfrog.io/ruist/api/npm/npm-repo/encoding/-/encoding-0.1.13.tgz",
      "integrity": "sha1-VldK/deR9UqOmyeFwFgqLSYhD6k=",
      "requires": {
        "iconv-lite": "^0.6.2"
      }
    },
    "follow-redirects": {
      "version": "1.13.1",
      "resolved": "https://ruist.jfrog.io/ruist/api/npm/npm-repo/follow-redirects/-/follow-redirects-1.13.1.tgz",
      "integrity": "sha1-X2m4Ezds7k/QR0o6uoNd8Eq3Y7c="
    },
    "iconv-lite": {
      "version": "0.6.2",
      "resolved": "https://ruist.jfrog.io/ruist/api/npm/npm-repo/iconv-lite/-/iconv-lite-0.6.2.tgz",
      "integrity": "sha1-zhPRh1sMOmdL1qBLf3awGxtt7QE=",
      "requires": {
        "safer-buffer": ">= 2.1.2 < 3.0.0"
      }
    },
    "is-redirect": {
      "version": "1.0.0",
      "resolved": "https://ruist.jfrog.io/ruist/api/npm/npm-repo/is-redirect/-/is-redirect-1.0.0.tgz",
      "integrity": "sha1-HQPd7VO9jbDzDCbk+V02/HyH3CQ="
    },
    "is-stream": {
      "version": "1.1.0",
      "resolved": "https://ruist.jfrog.io/ruist/api/npm/npm-repo/is-stream/-/is-stream-1.1.0.tgz",
      "integrity": "sha1-EtSj3U5o4Lec6428hBc66A2RykQ="
    },
    "node-fetch": {
      "version": "1.7.3",
      "resolved": "https://ruist.jfrog.io/ruist/api/npm/npm-repo/node-fetch/-/node-fetch-1.7.3.tgz",
      "integrity": "sha1-mA9vcthSEaU0fGsrwYxbhMPrR+8=",
      "requires": {
        "encoding": "^0.1.11",
        "is-stream": "^1.0.1"
      }
    },
    "pify": {
      "version": "5.0.0",
      "resolved": "https://ruist.jfrog.io/ruist/api/npm/npm-repo/pify/-/pify-5.0.0.tgz",
      "integrity": "sha1-H17KP16H6+wozG1UoOSq8ArMEn8="
    },
    "portable-fetch": {
      "version": "3.0.0",
      "resolved": "https://ruist.jfrog.io/ruist/api/npm/npm-repo/portable-fetch/-/portable-fetch-3.0.0.tgz",
      "integrity": "sha1-PL9KptvFpXNLQcBBnJJzMTv9mtg=",
      "requires": {
        "node-fetch": "^1.0.1",
        "whatwg-fetch": ">=0.10.0"
      }
    },
    "psl": {
      "version": "1.8.0",
      "resolved": "https://ruist.jfrog.io/ruist/api/npm/npm-repo/psl/-/psl-1.8.0.tgz",
      "integrity": "sha1-kyb4vPsBOtzABf3/BWrM4CDlHCQ="
    },
    "punycode": {
      "version": "2.1.1",
      "resolved": "https://ruist.jfrog.io/ruist/api/npm/npm-repo/punycode/-/punycode-2.1.1.tgz",
      "integrity": "sha1-tYsBCsQMIsVldhbI0sLALHv0eew="
    },
    "safer-buffer": {
      "version": "2.1.2",
      "resolved": "https://ruist.jfrog.io/ruist/api/npm/npm-repo/safer-buffer/-/safer-buffer-2.1.2.tgz",
      "integrity": "sha1-RPoWGwGHuVSd2Eu5GAL5vYOFzWo="
    },
    "tough-cookie": {
      "version": "4.0.0",
      "resolved": "https://ruist.jfrog.io/ruist/api/npm/npm-repo/tough-cookie/-/tough-cookie-4.0.0.tgz",
      "integrity": "sha1-2CIjTuyogvmR8PkIgkrSYi3b7OQ=",
      "requires": {
        "psl": "^1.1.33",
        "punycode": "^2.1.1",
        "universalify": "^0.1.2"
      }
    },
    "universalify": {
      "version": "0.1.2",
      "resolved": "https://ruist.jfrog.io/ruist/api/npm/npm-repo/universalify/-/universalify-0.1.2.tgz",
      "integrity": "sha1-tkb2m+OULavOzJ1mOcgNwQXvqmY="
    },
    "whatwg-fetch": {
      "version": "3.5.0",
      "resolved": "https://ruist.jfrog.io/ruist/api/npm/npm-repo/whatwg-fetch/-/whatwg-fetch-3.5.0.tgz",
      "integrity": "sha1-YFos0KcUbl2xQeKdHGKrhMDEyGg="
    },
    "ynab": {
      "version": "1.21.0",
      "resolved": "https://ruist.jfrog.io/ruist/api/npm/npm-repo/ynab/-/ynab-1.21.0.tgz",
      "integrity": "sha1-GHrGEdlVNgiyiCnCjlslRhpitHE=",
      "requires": {
        "portable-fetch": "^3.0.0"
      }
    }
  }
}
